{
  "name": "@george-ai/web",
  "version": "0.0.1",
  "lockfileVersion": 3,
  "requires": true,
  "packages": {
    "": {
      "name": "@george-ai/web",
      "version": "0.0.1",
      "license": "SEE LICENSE IN LICENSE",
      "dependencies": {
        "@astrojs/mdx": "^4.3.13",
        "@astrojs/node": "^9.5.1",
        "@astrojs/rss": "^4.0.14",
        "@astrojs/sitemap": "^3.6.0",
        "@tailwindcss/typography": "^0.5.19",
        "@tailwindcss/vite": "^4.1.18",
        "astro": "^5.16.5",
        "daisyui": "^5.5.13",
        "nodemailer": "^7.0.11",
        "pg": "^8.20.0",
        "reading-time": "^1.5.0",
        "stripe": "21.0.1",
        "tailwind-merge": "^3.4.0",
        "tailwindcss": "^4.1.18"
      },
      "devDependencies": {
        "@astrojs/check": "^0.9.6",
        "@eslint/js": "^9.36.0",
        "@types/nodemailer": "^7.0.4",
        "@types/pg": "^8.20.0",
        "eslint": "^9.39.1",
        "eslint-plugin-astro": "^1.5.0",
        "eslint-plugin-better-tailwindcss": "4.0.0-beta.6",
        "typescript": "^5.9.3",
        "typescript-eslint": "^8.44.1"
      }
    },
    "../../node_modules/.pnpm/@astrojs+check@0.9.8_prettier@3.8.1_typescript@5.9.3/node_modules/@astrojs/check": {
      "version": "0.9.8",
      "dev": true,
      "license": "MIT",
      "dependencies": {
        "@astrojs/language-server": "^2.16.5",
        "chokidar": "^4.0.3",
        "kleur": "^4.1.5",
        "yargs": "^17.7.2"
      },
      "bin": {
        "astro-check": "bin/astro-check.js"
      },
      "devDependencies": {
        "@types/node": "^20.9.0",
        "@types/yargs": "^17.0.35",
        "astro-scripts": "0.0.14",
        "tinyglobby": "^0.2.15",
        "tsx": "^4.21.0"
      },
      "peerDependencies": {
        "typescript": "^5.0.0"
      }
    },
    "../../node_modules/.pnpm/@astrojs+mdx@4.3.14_astro@5.18.1_@types+node@24.12.0_db0@0.3.4_@electric-sql+pglite@0.4.1_mys_6artv5shoxitjj3poysvm7srqi/node_modules/@astrojs/mdx": {
      "version": "4.3.14",
      "license": "MIT",
      "dependencies": {
        "@astrojs/markdown-remark": "6.3.11",
        "@mdx-js/mdx": "^3.1.1",
        "acorn": "^8.15.0",
        "es-module-lexer": "^1.7.0",
        "estree-util-visit": "^2.0.0",
        "hast-util-to-html": "^9.0.5",
        "piccolore": "^0.1.3",
        "rehype-raw": "^7.0.0",
        "remark-gfm": "^4.0.1",
        "remark-smartypants": "^3.0.2",
        "source-map": "^0.7.6",
        "unist-util-visit": "^5.0.0",
        "vfile": "^6.0.3"
      },
      "devDependencies": {
        "@types/estree": "^1.0.8",
        "@types/hast": "^3.0.4",
        "@types/mdast": "^4.0.4",
        "astro": "5.18.1",
        "astro-scripts": "0.0.14",
        "cheerio": "1.1.2",
        "linkedom": "^0.18.12",
        "mdast-util-mdx": "^3.0.0",
        "mdast-util-mdx-jsx": "^3.2.0",
        "rehype-mathjax": "^7.1.0",
        "rehype-pretty-code": "^0.14.1",
        "remark-math": "^6.0.0",
        "remark-rehype": "^11.1.2",
        "remark-shiki-twoslash": "^3.1.3",
        "remark-toc": "^9.0.0",
        "shiki": "^3.21.0",
        "unified": "^11.0.5",
        "vite": "^6.4.1"
      },
      "engines": {
        "node": "18.20.8 || ^20.3.0 || >=22.0.0"
      },
      "peerDependencies": {
        "astro": "^5.0.0"
      }
    },
    "../../node_modules/.pnpm/@astrojs+node@9.5.5_astro@5.18.1_@types+node@24.12.0_db0@0.3.4_@electric-sql+pglite@0.4.1_mys_yw7eu3jxaaantltitcs43lwh6q/node_modules/@astrojs/node": {
      "version": "9.5.5",
      "license": "MIT",
      "dependencies": {
        "@astrojs/internal-helpers": "0.7.6",
        "send": "^1.2.1",
        "server-destroy": "^1.0.1"
      },
      "devDependencies": {
        "@fastify/middie": "^9.1.0",
        "@fastify/static": "^9.0.0",
        "@types/node": "^22.10.6",
        "@types/send": "^0.17.6",
        "@types/server-destroy": "^1.0.4",
        "astro": "5.18.1",
        "astro-scripts": "0.0.14",
        "cheerio": "1.1.2",
        "devalue": "^5.6.2",
        "express": "^4.22.1",
        "fastify": "^5.7.0",
        "node-mocks-http": "^1.17.2"
      },
      "peerDependencies": {
        "astro": "^5.17.3"
      }
    },
    "../../node_modules/.pnpm/@astrojs+rss@4.0.18/node_modules/@astrojs/rss": {
      "version": "4.0.18",
      "license": "MIT",
      "dependencies": {
        "fast-xml-parser": "^5.5.7",
        "piccolore": "^0.1.3",
        "zod": "^4.3.6"
      },
      "devDependencies": {
        "@types/xml2js": "^0.4.14",
        "astro-scripts": "0.0.14",
        "xml2js": "0.6.2"
      }
    },
    "../../node_modules/.pnpm/@astrojs+sitemap@3.7.2/node_modules/@astrojs/sitemap": {
      "version": "3.7.2",
      "license": "MIT",
      "dependencies": {
        "sitemap": "^9.0.0",
        "stream-replace-string": "^2.0.0",
        "zod": "^4.3.6"
      },
      "devDependencies": {
        "astro": "6.1.0",
        "astro-scripts": "0.0.14",
        "xml2js": "0.6.2"
      }
    },
    "../../node_modules/.pnpm/@eslint+js@9.39.4/node_modules/@eslint/js": {
      "version": "9.39.4",
      "dev": true,
      "license": "MIT",
      "engines": {
        "node": "^18.18.0 || ^20.9.0 || >=21.1.0"
      },
      "funding": {
        "url": "https://eslint.org/donate"
      }
    },
    "../../node_modules/.pnpm/@tailwindcss+typography@0.5.19_tailwindcss@4.2.2/node_modules/@tailwindcss/typography": {
      "version": "0.5.19",
      "license": "MIT",
      "dependencies": {
        "postcss-selector-parser": "6.0.10"
      },
      "devDependencies": {
        "@mdx-js/loader": "^1.0.19",
        "@mdx-js/mdx": "^1.6.6",
        "@next/mdx": "^8.1.0",
        "autoprefixer": "^10.2.1",
        "highlight.js": "^10.4.1",
        "jest": "^29.7.0",
        "jest-diff": "^27.3.1",
        "next": "^12.0.1",
        "postcss": "^8.2.3",
        "prettier": "^2.1.2",
        "react": "^17.0.2",
        "react-dom": "^17.0.2",
        "tailwindcss": "^3.2.2"
      },
      "peerDependencies": {
        "tailwindcss": ">=3.0.0 || insiders || >=4.0.0-alpha.20 || >=4.0.0-beta.1"
      }
    },
    "../../node_modules/.pnpm/@tailwindcss+vite@4.2.2_vite@6.4.1_@types+node@24.12.0_jiti@2.6.1_lightningcss@1.32.0_terser@_xijr5bmwvuxak6hqyg5k3423fy/node_modules/@tailwindcss/vite": {
      "version": "4.2.2",
      "license": "MIT",
      "dependencies": {
        "@tailwindcss/node": "4.2.2",
        "@tailwindcss/oxide": "4.2.2",
        "tailwindcss": "4.2.2"
      },
      "devDependencies": {
        "@types/node": "^20.19.0",
        "vite": "^8.0.0"
      },
      "peerDependencies": {
        "vite": "^5.2.0 || ^6 || ^7 || ^8"
      }
    },
    "../../node_modules/.pnpm/@types+nodemailer@7.0.11/node_modules/@types/nodemailer": {
      "version": "7.0.11",
      "dev": true,
      "license": "MIT",
      "dependencies": {
        "@types/node": "*"
      }
    },
    "../../node_modules/.pnpm/astro@5.18.1_@types+node@24.12.0_db0@0.3.4_@electric-sql+pglite@0.4.1_mysql2@3.15.3__ioredis@_avr7m3trrtjm52qcbuyhixmrt4/node_modules/astro": {
      "version": "5.18.1",
      "license": "MIT",
      "dependencies": {
        "@astrojs/compiler": "^2.13.0",
        "@astrojs/internal-helpers": "0.7.6",
        "@astrojs/markdown-remark": "6.3.11",
        "@astrojs/telemetry": "3.3.0",
        "@capsizecss/unpack": "^4.0.0",
        "@oslojs/encoding": "^1.1.0",
        "@rollup/pluginutils": "^5.3.0",
        "acorn": "^8.15.0",
        "aria-query": "^5.3.2",
        "axobject-query": "^4.1.0",
        "boxen": "8.0.1",
        "ci-info": "^4.3.1",
        "clsx": "^2.1.1",
        "common-ancestor-path": "^1.0.1",
        "cookie": "^1.1.1",
        "cssesc": "^3.0.0",
        "debug": "^4.4.3",
        "deterministic-object-hash": "^2.0.2",
        "devalue": "^5.6.2",
        "diff": "^8.0.3",
        "dlv": "^1.1.3",
        "dset": "^3.1.4",
        "es-module-lexer": "^1.7.0",
        "esbuild": "^0.27.3",
        "estree-walker": "^3.0.3",
        "flattie": "^1.1.1",
        "fontace": "~0.4.0",
        "github-slugger": "^2.0.0",
        "html-escaper": "3.0.3",
        "http-cache-semantics": "^4.2.0",
        "import-meta-resolve": "^4.2.0",
        "js-yaml": "^4.1.1",
        "magic-string": "^0.30.21",
        "magicast": "^0.5.1",
        "mrmime": "^2.0.1",
        "neotraverse": "^0.6.18",
        "p-limit": "^6.2.0",
        "p-queue": "^8.1.1",
        "package-manager-detector": "^1.6.0",
        "piccolore": "^0.1.3",
        "picomatch": "^4.0.3",
        "prompts": "^2.4.2",
        "rehype": "^13.0.2",
        "semver": "^7.7.3",
        "shiki": "^3.21.0",
        "smol-toml": "^1.6.0",
        "svgo": "^4.0.0",
        "tinyexec": "^1.0.2",
        "tinyglobby": "^0.2.15",
        "tsconfck": "^3.1.6",
        "ultrahtml": "^1.6.0",
        "unifont": "~0.7.3",
        "unist-util-visit": "^5.0.0",
        "unstorage": "^1.17.4",
        "vfile": "^6.0.3",
        "vite": "^6.4.1",
        "vitefu": "^1.1.1",
        "xxhash-wasm": "^1.1.0",
        "yargs-parser": "^21.1.1",
        "yocto-spinner": "^0.2.3",
        "zod": "^3.25.76",
        "zod-to-json-schema": "^3.25.1",
        "zod-to-ts": "^1.2.0"
      },
      "bin": {
        "astro": "astro.js"
      },
      "devDependencies": {
        "@astrojs/check": "0.9.6",
        "@playwright/test": "1.57.0",
        "@types/aria-query": "^5.0.4",
        "@types/common-ancestor-path": "^1.0.2",
        "@types/cssesc": "^3.0.2",
        "@types/debug": "^4.1.12",
        "@types/dlv": "^1.1.5",
        "@types/hast": "^3.0.4",
        "@types/html-escaper": "3.0.4",
        "@types/http-cache-semantics": "^4.0.4",
        "@types/js-yaml": "^4.0.9",
        "@types/picomatch": "^3.0.2",
        "@types/prompts": "^2.4.9",
        "@types/semver": "^7.7.1",
        "@types/yargs-parser": "^21.0.3",
        "astro-scripts": "0.0.14",
        "cheerio": "1.1.2",
        "eol": "^0.10.0",
        "expect-type": "^1.3.0",
        "fs-fixture": "^2.11.0",
        "mdast-util-mdx": "^3.0.0",
        "mdast-util-mdx-jsx": "^3.2.0",
        "node-mocks-http": "^1.17.2",
        "parse-srcset": "^1.0.2",
        "rehype-autolink-headings": "^7.1.0",
        "rehype-slug": "^6.0.0",
        "rehype-toc": "^3.0.2",
        "remark-code-titles": "^0.1.2",
        "rollup": "^4.55.1",
        "sass": "^1.97.2",
        "typescript": "^5.9.3",
        "undici": "^6.23.0",
        "unified": "^11.0.5",
        "vitest": "^3.2.4"
      },
      "engines": {
        "node": "18.20.8 || ^20.3.0 || >=22.0.0",
        "npm": ">=9.6.5",
        "pnpm": ">=7.1.0"
      },
      "funding": {
        "type": "opencollective",
        "url": "https://opencollective.com/astrodotbuild"
      },
      "optionalDependencies": {
        "sharp": "^0.34.0"
      }
    },
    "../../node_modules/.pnpm/daisyui@5.5.19/node_modules/daisyui": {
      "version": "5.5.19",
      "license": "MIT",
      "funding": {
        "url": "https://github.com/saadeghi/daisyui?sponsor=1"
      }
    },
    "../../node_modules/.pnpm/eslint-plugin-astro@1.6.0_eslint@9.39.4_jiti@2.6.1_/node_modules/eslint-plugin-astro": {
      "version": "1.6.0",
      "dev": true,
      "license": "MIT",
      "dependencies": {
        "@eslint-community/eslint-utils": "^4.2.0",
        "@jridgewell/sourcemap-codec": "^1.4.14",
        "@typescript-eslint/types": "^7.7.1 || ^8",
        "astro-eslint-parser": "^1.3.0",
        "eslint-compat-utils": "^0.6.0",
        "globals": "^16.0.0",
        "postcss": "^8.4.14",
        "postcss-selector-parser": "^7.0.0"
      },
      "devDependencies": {
        "@actions/github": "^9.0.0",
        "@astrojs/compiler": "^2.0.0",
        "@astrojs/mdx": "^4.0.0",
        "@astrojs/svelte": "^7.0.0",
        "@changesets/changelog-github": "^0.5.0",
        "@changesets/cli": "^2.24.2",
        "@eslint-community/eslint-plugin-eslint-comments": "^4.3.0",
        "@eslint/eslintrc": "^3.0.0",
        "@eslint/js": "^10.0.0",
        "@eslint/json": "^1.0.1",
        "@ota-meshi/eslint-plugin": "^0.20.0",
        "@types/eslint-scope": "^8.0.0",
        "@types/eslint-utils": "^3.0.1",
        "@types/estree": "1.0.8",
        "@types/less": "^3.0.3",
        "@types/mocha": "^10.0.0",
        "@types/node": "^24.0.0",
        "@types/react": "^19.0.0",
        "@types/semver": "^7.3.9",
        "@types/stylus": "^0.48.38",
        "@typescript-eslint/eslint-plugin": "^8.5.0",
        "@typescript-eslint/parser": "^8.5.0",
        "assert": "^2.0.0",
        "astro": "^5.0.0",
        "env-cmd": "^11.0.0",
        "esbuild": "^0.27.0",
        "esbuild-register": "^3.3.3",
        "eslint": "^10.0.0",
        "eslint-config-prettier": "^10.0.0",
        "eslint-plugin-astro": "^1.2.3",
        "eslint-plugin-eslint-plugin": "^7.0.0",
        "eslint-plugin-jsdoc": "^62.0.0",
        "eslint-plugin-json-schema-validator": "^6.0.0",
        "eslint-plugin-jsonc": "^2.15.1",
        "eslint-plugin-jsx-a11y": "^6.5.1",
        "eslint-plugin-markdown": "^5.1.0",
        "eslint-plugin-n": "^17.2.0",
        "eslint-plugin-node-dependencies": "^1.0.0",
        "eslint-plugin-prettier": "^5.0.0",
        "eslint-plugin-regexp": "^3.0.0",
        "eslint-plugin-svelte": "^3.0.0",
        "eslint-plugin-yml": "^3.0.0",
        "expect-type": "^1.0.0",
        "js-yaml": "^4.1.0",
        "less": "^4.1.2",
        "mocha": "^11.0.0",
        "monaco-editor": "^0.55.0",
        "nyc": "^17.0.0",
        "pako": "^2.0.4",
        "postcss-nested": "^7.0.0",
        "prettier": "^3.0.0",
        "prettier-plugin-astro": "^0.14.0",
        "prettier-plugin-svelte": "^3.0.0",
        "remark-gfm": "^4.0.0",
        "rimraf": "^6.0.0",
        "sass": "^1.52.2",
        "stylus": "^0.64.0",
        "svelte": "^5.0.0",
        "tsdown": "^0.20.0",
        "typescript": "~5.9.0",
        "typescript-eslint": "^8.5.0",
        "vite-plugin-eslint4b": "^0.6.0"
      },
      "engines": {
        "node": "^18.18.0 || ^20.9.0 || >=21.1.0"
      },
      "funding": {
        "url": "https://github.com/sponsors/ota-meshi"
      },
      "peerDependencies": {
        "eslint": ">=8.57.0"
      }
    },
    "../../node_modules/.pnpm/eslint-plugin-better-tailwindcss@4.0.0-beta.6_eslint@9.39.4_jiti@2.6.1__tailwindcss@4.2.2_typescript@5.9.3/node_modules/eslint-plugin-better-tailwindcss": {
      "version": "4.0.0-beta.6",
      "dev": true,
      "license": "MIT",
      "dependencies": {
        "@eslint/css-tree": "^3.6.8",
        "@valibot/to-json-schema": "^1.4.0",
        "enhanced-resolve": "^5.18.3",
        "jiti": "^2.6.1",
        "synckit": "^0.11.11",
        "tailwind-csstree": "^0.1.4",
        "tsconfig-paths-webpack-plugin": "^4.2.0",
        "valibot": "^1.2.0"
      },
      "devDependencies": {
        "@angular-eslint/template-parser": "^21.0.1",
        "@angular/compiler": "^21.0.3",
        "@html-eslint/parser": "^0.50.0",
        "@oxc-node/core": "^0.0.35",
        "@schoero/configs": "^1.5.20",
        "@types/estree-jsx": "^1.0.5",
        "@types/node": "^24.10.1",
        "@typescript-eslint/parser": "^8.48.1",
        "astro-eslint-parser": "^1.2.2",
        "changelogen": "^0.6.2",
        "cspell": "^9.4.0",
        "daisyui": "^5.5.8",
        "es-html-parser": "^0.3.1",
        "eslint": "^9.39.1",
        "eslint-plugin-better-tailwindcss": "file:./",
        "eslint-plugin-eslint-plugin": "^7.2.0",
        "glob": "^13.0.0",
        "json-schema": "^0.4.0",
        "markdownlint": "^0.40.0",
        "svelte": "^5.45.6",
        "svelte-eslint-parser": "^1.4.1",
        "tailwindcss": "^4.1.17",
        "tsc-alias": "^1.8.16",
        "typescript": "^5.9.3",
        "vite-node": "^5.2.0",
        "vitest": "^4.0.15",
        "vue-eslint-parser": "^10.2.0"
      },
      "engines": {
        "node": "^20.19.0 || ^22.12.0 || >=23.0.0"
      },
      "peerDependencies": {
        "eslint": "^7.0.0 || ^8.0.0 || ^9.0.0",
        "tailwindcss": "^3.3.0 || ^4.1.15"
      }
    },
    "../../node_modules/.pnpm/eslint@9.39.4_jiti@2.6.1/node_modules/eslint": {
      "version": "9.39.4",
      "dev": true,
      "license": "MIT",
      "dependencies": {
        "@eslint-community/eslint-utils": "^4.8.0",
        "@eslint-community/regexpp": "^4.12.1",
        "@eslint/config-array": "^0.21.2",
        "@eslint/config-helpers": "^0.4.2",
        "@eslint/core": "^0.17.0",
        "@eslint/eslintrc": "^3.3.5",
        "@eslint/js": "9.39.4",
        "@eslint/plugin-kit": "^0.4.1",
        "@humanfs/node": "^0.16.6",
        "@humanwhocodes/module-importer": "^1.0.1",
        "@humanwhocodes/retry": "^0.4.2",
        "@types/estree": "^1.0.6",
        "ajv": "^6.14.0",
        "chalk": "^4.0.0",
        "cross-spawn": "^7.0.6",
        "debug": "^4.3.2",
        "escape-string-regexp": "^4.0.0",
        "eslint-scope": "^8.4.0",
        "eslint-visitor-keys": "^4.2.1",
        "espree": "^10.4.0",
        "esquery": "^1.5.0",
        "esutils": "^2.0.2",
        "fast-deep-equal": "^3.1.3",
        "file-entry-cache": "^8.0.0",
        "find-up": "^5.0.0",
        "glob-parent": "^6.0.2",
        "ignore": "^5.2.0",
        "imurmurhash": "^0.1.4",
        "is-glob": "^4.0.0",
        "json-stable-stringify-without-jsonify": "^1.0.1",
        "lodash.merge": "^4.6.2",
        "minimatch": "^3.1.5",
        "natural-compare": "^1.4.0",
        "optionator": "^0.9.3"
      },
      "bin": {
        "eslint": "bin/eslint.js"
      },
      "devDependencies": {
        "@arethetypeswrong/cli": "^0.18.0",
        "@babel/core": "^7.4.3",
        "@babel/preset-env": "^7.4.3",
        "@cypress/webpack-preprocessor": "^6.0.2",
        "@eslint/json": "^0.13.2",
        "@trunkio/launcher": "^1.3.4",
        "@types/esquery": "^1.5.4",
        "@types/node": "^22.13.14",
        "@typescript-eslint/parser": "^8.4.0",
        "babel-loader": "^8.0.5",
        "c8": "^7.12.0",
        "chai": "^4.0.1",
        "cheerio": "^0.22.0",
        "common-tags": "^1.8.0",
        "core-js": "^3.1.3",
        "cypress": "^14.1.0",
        "ejs": "^3.0.2",
        "eslint": "file:.",
        "eslint-config-eslint": "file:packages/eslint-config-eslint",
        "eslint-plugin-eslint-plugin": "^6.0.0",
        "eslint-plugin-expect-type": "^0.6.0",
        "eslint-plugin-yml": "^1.14.0",
        "eslint-release": "^3.3.0",
        "eslint-rule-composer": "^0.3.0",
        "eslump": "^3.0.0",
        "esprima": "^4.0.1",
        "fast-glob": "^3.2.11",
        "fs-teardown": "^0.1.3",
        "glob": "^10.0.0",
        "globals": "^16.2.0",
        "got": "^11.8.3",
        "gray-matter": "^4.0.3",
        "jiti": "^2.6.1",
        "jiti-v2.0": "npm:jiti@2.0.x",
        "jiti-v2.1": "npm:jiti@2.1.x",
        "knip": "^5.60.2",
        "lint-staged": "^11.0.0",
        "markdown-it": "^12.2.0",
        "markdown-it-container": "^3.0.0",
        "marked": "^4.0.8",
        "metascraper": "^5.25.7",
        "metascraper-description": "^5.25.7",
        "metascraper-image": "^5.29.3",
        "metascraper-logo": "^5.25.7",
        "metascraper-logo-favicon": "^5.25.7",
        "metascraper-title": "^5.25.7",
        "mocha": "^11.7.1",
        "node-polyfill-webpack-plugin": "^1.0.3",
        "npm-license": "^0.3.3",
        "pirates": "^4.0.5",
        "progress": "^2.0.3",
        "proxyquire": "^2.0.1",
        "recast": "^0.23.0",
        "regenerator-runtime": "^0.14.0",
        "semver": "^7.5.3",
        "shelljs": "^0.10.0",
        "sinon": "^11.0.0",
        "typescript": "^5.3.3",
        "webpack": "^5.23.0",
        "webpack-cli": "^4.5.0",
        "yorkie": "^2.0.0"
      },
      "engines": {
        "node": "^18.18.0 || ^20.9.0 || >=21.1.0"
      },
      "funding": {
        "url": "https://eslint.org/donate"
      },
      "peerDependencies": {
        "jiti": "*"
      },
      "peerDependenciesMeta": {
        "jiti": {
          "optional": true
        }
      }
    },
    "../../node_modules/.pnpm/nodemailer@7.0.13/node_modules/nodemailer": {
      "version": "7.0.13",
      "license": "MIT-0",
      "devDependencies": {
        "@aws-sdk/client-sesv2": "3.975.0",
        "bunyan": "1.8.15",
        "c8": "10.1.3",
        "eslint": "9.39.2",
        "eslint-config-prettier": "10.1.8",
        "globals": "17.1.0",
        "libbase64": "1.3.0",
        "libmime": "5.3.7",
        "libqp": "2.1.1",
        "nodemailer-ntlm-auth": "1.0.4",
        "prettier": "3.8.1",
        "proxy": "1.0.2",
        "proxy-test-server": "1.0.0",
        "smtp-server": "3.18.0"
      },
      "engines": {
        "node": ">=6.0.0"
      }
    },
    "../../node_modules/.pnpm/pg@8.20.0/node_modules/pg": {
      "version": "8.20.0",
      "license": "MIT",
      "dependencies": {
        "pg-connection-string": "^2.12.0",
        "pg-pool": "^3.13.0",
        "pg-protocol": "^1.13.0",
        "pg-types": "2.2.0",
        "pgpass": "1.0.5"
      },
      "devDependencies": {
        "@cloudflare/vitest-pool-workers": "0.8.23",
        "@cloudflare/workers-types": "^4.20230404.0",
        "async": "2.6.4",
        "bluebird": "3.7.2",
        "co": "4.6.0",
        "pg-copy-streams": "0.3.0",
        "typescript": "^4.0.3",
        "vitest": "~3.0.9",
        "wrangler": "^3.x"
      },
      "engines": {
        "node": ">= 16.0.0"
      },
      "optionalDependencies": {
        "pg-cloudflare": "^1.3.0"
      },
      "peerDependencies": {
        "pg-native": ">=3.0.1"
      },
      "peerDependenciesMeta": {
        "pg-native": {
          "optional": true
        }
      }
    },
    "../../node_modules/.pnpm/reading-time@1.5.0/node_modules/reading-time": {
      "version": "1.5.0",
      "license": "MIT",
      "devDependencies": {
        "chai": "^4.1.0",
        "curry": "^1.2.0",
        "eslint": "^3.8.1",
        "eslint-config-ngryman": "^1.7.0",
        "mocha": "^9.0.3",
        "onchange": "^7.1.0"
      }
    },
    "../../node_modules/.pnpm/stripe@21.0.1_@types+node@24.12.0/node_modules/stripe": {
      "version": "21.0.1",
      "license": "MIT",
      "devDependencies": {
        "@types/chai": "^4.3.4",
        "@types/chai-as-promised": "^7.1.5",
        "@types/mocha": "^10.0.1",
        "@types/node": "~22",
        "@typescript-eslint/eslint-plugin": "^4.33.0",
        "@typescript-eslint/parser": "^4.33.0",
        "chai": "^4.3.6",
        "chai-as-promised": "~7.1.1",
        "eslint": "^7.32.0",
        "eslint-config-prettier": "^8.5.0",
        "eslint-plugin-chai-friendly": "^0.7.2",
        "eslint-plugin-import": "^2.27.5",
        "eslint-plugin-prettier": "^3.4.1",
        "mocha": "^8.4.0",
        "mocha-junit-reporter": "^2.1.0",
        "nock": "^13.2.9",
        "node-fetch": "^2.6.7",
        "nyc": "^15.1.0",
        "prettier": "^1.16.4",
        "ts-node": "^10.9.1",
        "typescript": "^4.9.4",
        "undici-types": "^7.8.0"
      },
      "engines": {
        "node": ">=18"
      },
      "peerDependencies": {
        "@types/node": ">=18"
      },
      "peerDependenciesMeta": {
        "@types/node": {
          "optional": true
        }
      }
    },
    "../../node_modules/.pnpm/tailwind-merge@3.5.0/node_modules/tailwind-merge": {
      "version": "3.5.0",
      "license": "MIT",
      "devDependencies": {
        "@babel/core": "^7.29.0",
        "@babel/preset-env": "^7.29.0",
        "@codspeed/vitest-plugin": "^5.1.0",
        "@rollup/plugin-babel": "^6.1.0",
        "@rollup/plugin-node-resolve": "^16.0.3",
        "@rollup/plugin-typescript": "^12.3.0",
        "@types/node": "^24.10.9",
        "@vitest/coverage-v8": "^4.0.18",
        "@vitest/eslint-plugin": "^1.6.6",
        "babel-plugin-annotate-pure-calls": "^0.5.0",
        "babel-plugin-polyfill-regenerator": "^0.6.6",
        "eslint": "^9.39.2",
        "eslint-plugin-import": "^2.32.0",
        "globby": "^16.1.0",
        "prettier": "^3.8.1",
        "rollup": "^4.57.1",
        "rollup-plugin-delete": "^3.0.2",
        "rollup-plugin-dts": "^6.3.0",
        "tslib": "^2.8.1",
        "typescript": "^5.9.3",
        "typescript-eslint": "^8.54.0",
        "vitest": "^4.0.18",
        "zx": "^8.8.5"
      },
      "funding": {
        "type": "github",
        "url": "https://github.com/sponsors/dcastil"
      }
    },
    "../../node_modules/.pnpm/tailwindcss@4.2.2/node_modules/tailwindcss": {
      "version": "4.2.2",
      "license": "MIT",
      "devDependencies": {
        "@jridgewell/remapping": "^2.3.5",
        "@tailwindcss/oxide": "^4.2.2",
        "@types/node": "^20.19.0",
        "dedent": "1.7.1",
        "lightningcss": "1.32.0",
        "magic-string": "^0.30.21",
        "source-map-js": "^1.2.1"
      }
    },
    "../../node_modules/.pnpm/typescript-eslint@8.57.2_eslint@9.39.4_jiti@2.6.1__typescript@5.9.3/node_modules/typescript-eslint": {
      "version": "8.57.2",
      "dev": true,
      "license": "MIT",
      "dependencies": {
        "@typescript-eslint/eslint-plugin": "8.57.2",
        "@typescript-eslint/parser": "8.57.2",
        "@typescript-eslint/typescript-estree": "8.57.2",
        "@typescript-eslint/utils": "8.57.2"
      },
      "devDependencies": {
        "@vitest/coverage-v8": "^4.0.18",
        "eslint": "^10.0.0",
        "rimraf": "^5.0.10",
        "typescript": ">=4.8.4 <6.0.0",
        "vitest": "^4.0.18"
      },
      "engines": {
        "node": "^18.18.0 || ^20.9.0 || >=21.1.0"
      },
      "funding": {
        "type": "opencollective",
        "url": "https://opencollective.com/typescript-eslint"
      },
      "peerDependencies": {
        "eslint": "^8.57.0 || ^9.0.0 || ^10.0.0",
        "typescript": ">=4.8.4 <6.0.0"
      }
    },
    "../../node_modules/.pnpm/typescript@5.9.3/node_modules/typescript": {
      "version": "5.9.3",
      "dev": true,
      "license": "Apache-2.0",
      "bin": {
        "tsc": "bin/tsc",
        "tsserver": "bin/tsserver"
      },
      "devDependencies": {
        "@dprint/formatter": "^0.4.1",
        "@dprint/typescript": "0.93.4",
        "@esfx/canceltoken": "^1.0.0",
        "@eslint/js": "^9.20.0",
        "@octokit/rest": "^21.1.1",
        "@types/chai": "^4.3.20",
        "@types/diff": "^7.0.1",
        "@types/minimist": "^1.2.5",
        "@types/mocha": "^10.0.10",
        "@types/ms": "^0.7.34",
        "@types/node": "latest",
        "@types/source-map-support": "^0.5.10",
        "@types/which": "^3.0.4",
        "@typescript-eslint/rule-tester": "^8.24.1",
        "@typescript-eslint/type-utils": "^8.24.1",
        "@typescript-eslint/utils": "^8.24.1",
        "azure-devops-node-api": "^14.1.0",
        "c8": "^10.1.3",
        "chai": "^4.5.0",
        "chokidar": "^4.0.3",
        "diff": "^7.0.0",
        "dprint": "^0.49.0",
        "esbuild": "^0.25.0",
        "eslint": "^9.20.1",
        "eslint-formatter-autolinkable-stylish": "^1.4.0",
        "eslint-plugin-regexp": "^2.7.0",
        "fast-xml-parser": "^4.5.2",
        "glob": "^10.4.5",
        "globals": "^15.15.0",
        "hereby": "^1.10.0",
        "jsonc-parser": "^3.3.1",
        "knip": "^5.44.4",
        "minimist": "^1.2.8",
        "mocha": "^10.8.2",
        "mocha-fivemat-progress-reporter": "^0.1.0",
        "monocart-coverage-reports": "^2.12.1",
        "ms": "^2.1.3",
        "picocolors": "^1.1.1",
        "playwright": "^1.50.1",
        "source-map-support": "^0.5.21",
        "tslib": "^2.8.1",
        "typescript": "^5.7.3",
        "typescript-eslint": "^8.24.1",
        "which": "^3.0.1"
      },
      "engines": {
        "node": ">=14.17"
      }
    },
    "node_modules/@astrojs/check": {
      "resolved": "../../node_modules/.pnpm/@astrojs+check@0.9.8_prettier@3.8.1_typescript@5.9.3/node_modules/@astrojs/check",
      "link": true
    },
    "node_modules/@astrojs/mdx": {
      "resolved": "../../node_modules/.pnpm/@astrojs+mdx@4.3.14_astro@5.18.1_@types+node@24.12.0_db0@0.3.4_@electric-sql+pglite@0.4.1_mys_6artv5shoxitjj3poysvm7srqi/node_modules/@astrojs/mdx",
      "link": true
    },
    "node_modules/@astrojs/node": {
      "resolved": "../../node_modules/.pnpm/@astrojs+node@9.5.5_astro@5.18.1_@types+node@24.12.0_db0@0.3.4_@electric-sql+pglite@0.4.1_mys_yw7eu3jxaaantltitcs43lwh6q/node_modules/@astrojs/node",
      "link": true
    },
    "node_modules/@astrojs/rss": {
      "resolved": "../../node_modules/.pnpm/@astrojs+rss@4.0.18/node_modules/@astrojs/rss",
      "link": true
    },
    "node_modules/@astrojs/sitemap": {
      "resolved": "../../node_modules/.pnpm/@astrojs+sitemap@3.7.2/node_modules/@astrojs/sitemap",
      "link": true
    },
    "node_modules/@eslint/js": {
      "resolved": "../../node_modules/.pnpm/@eslint+js@9.39.4/node_modules/@eslint/js",
      "link": true
    },
    "node_modules/@tailwindcss/typography": {
      "resolved": "../../node_modules/.pnpm/@tailwindcss+typography@0.5.19_tailwindcss@4.2.2/node_modules/@tailwindcss/typography",
      "link": true
    },
    "node_modules/@tailwindcss/vite": {
      "resolved": "../../node_modules/.pnpm/@tailwindcss+vite@4.2.2_vite@6.4.1_@types+node@24.12.0_jiti@2.6.1_lightningcss@1.32.0_terser@_xijr5bmwvuxak6hqyg5k3423fy/node_modules/@tailwindcss/vite",
      "link": true
    },
    "node_modules/@types/node": {
      "version": "25.6.0",
      "resolved": "https://registry.npmjs.org/@types/node/-/node-25.6.0.tgz",
      "integrity": "sha512-+qIYRKdNYJwY3vRCZMdJbPLJAtGjQBudzZzdzwQYkEPQd+PJGixUL5QfvCLDaULoLv+RhT3LDkwEfKaAkgSmNQ==",
      "dev": true,
      "license": "MIT",
      "dependencies": {
        "undici-types": "~7.19.0"
      }
    },
    "node_modules/@types/nodemailer": {
      "resolved": "../../node_modules/.pnpm/@types+nodemailer@7.0.11/node_modules/@types/nodemailer",
      "link": true
    },
    "node_modules/@types/pg": {
      "version": "8.20.0",
      "resolved": "https://registry.npmjs.org/@types/pg/-/pg-8.20.0.tgz",
      "integrity": "sha512-bEPFOaMAHTEP1EzpvHTbmwR8UsFyHSKsRisLIHVMXnpNefSbGA1bD6CVy+qKjGSqmZqNqBDV2azOBo8TgkcVow==",
      "dev": true,
      "license": "MIT",
      "dependencies": {
        "@types/node": "*",
        "pg-protocol": "*",
        "pg-types": "^2.2.0"
      }
    },
    "node_modules/astro": {
      "resolved": "../../node_modules/.pnpm/astro@5.18.1_@types+node@24.12.0_db0@0.3.4_@electric-sql+pglite@0.4.1_mysql2@3.15.3__ioredis@_avr7m3trrtjm52qcbuyhixmrt4/node_modules/astro",
      "link": true
    },
    "node_modules/daisyui": {
      "resolved": "../../node_modules/.pnpm/daisyui@5.5.19/node_modules/daisyui",
      "link": true
    },
    "node_modules/eslint": {
      "resolved": "../../node_modules/.pnpm/eslint@9.39.4_jiti@2.6.1/node_modules/eslint",
      "link": true
    },
    "node_modules/eslint-plugin-astro": {
      "resolved": "../../node_modules/.pnpm/eslint-plugin-astro@1.6.0_eslint@9.39.4_jiti@2.6.1_/node_modules/eslint-plugin-astro",
      "link": true
    },
    "node_modules/eslint-plugin-better-tailwindcss": {
      "resolved": "../../node_modules/.pnpm/eslint-plugin-better-tailwindcss@4.0.0-beta.6_eslint@9.39.4_jiti@2.6.1__tailwindcss@4.2.2_typescript@5.9.3/node_modules/eslint-plugin-better-tailwindcss",
      "link": true
    },
    "node_modules/nodemailer": {
      "resolved": "../../node_modules/.pnpm/nodemailer@7.0.13/node_modules/nodemailer",
      "link": true
    },
    "node_modules/pg": {
      "resolved": "../../node_modules/.pnpm/pg@8.20.0/node_modules/pg",
      "link": true
    },
    "node_modules/pg-int8": {
      "version": "1.0.1",
      "resolved": "https://registry.npmjs.org/pg-int8/-/pg-int8-1.0.1.tgz",
      "integrity": "sha512-WCtabS6t3c8SkpDBUlb1kjOs7l66xsGdKpIPZsg4wR+B3+u9UAum2odSsF9tnvxg80h4ZxLWMy4pRjOsFIqQpw==",
      "dev": true,
      "license": "ISC",
      "engines": {
        "node": ">=4.0.0"
      }
    },
    "node_modules/pg-protocol": {
      "version": "1.13.0",
      "resolved": "https://registry.npmjs.org/pg-protocol/-/pg-protocol-1.13.0.tgz",
      "integrity": "sha512-zzdvXfS6v89r6v7OcFCHfHlyG/wvry1ALxZo4LqgUoy7W9xhBDMaqOuMiF3qEV45VqsN6rdlcehHrfDtlCPc8w==",
      "dev": true,
      "license": "MIT"
    },
    "node_modules/pg-types": {
      "version": "2.2.0",
      "resolved": "https://registry.npmjs.org/pg-types/-/pg-types-2.2.0.tgz",
      "integrity": "sha512-qTAAlrEsl8s4OiEQY69wDvcMIdQN6wdz5ojQiOy6YRMuynxenON0O5oCpJI6lshc6scgAY8qvJ2On/p+CXY0GA==",
      "dev": true,
      "license": "MIT",
      "dependencies": {
        "pg-int8": "1.0.1",
        "postgres-array": "~2.0.0",
        "postgres-bytea": "~1.0.0",
        "postgres-date": "~1.0.4",
        "postgres-interval": "^1.1.0"
      },
      "engines": {
        "node": ">=4"
      }
    },
    "node_modules/postgres-array": {
      "version": "2.0.0",
      "resolved": "https://registry.npmjs.org/postgres-array/-/postgres-array-2.0.0.tgz",
      "integrity": "sha512-VpZrUqU5A69eQyW2c5CA1jtLecCsN2U/bD6VilrFDWq5+5UIEVO7nazS3TEcHf1zuPYO/sqGvUvW62g86RXZuA==",
      "dev": true,
      "license": "MIT",
      "engines": {
        "node": ">=4"
      }
    },
    "node_modules/postgres-bytea": {
      "version": "1.0.1",
      "resolved": "https://registry.npmjs.org/postgres-bytea/-/postgres-bytea-1.0.1.tgz",
      "integrity": "sha512-5+5HqXnsZPE65IJZSMkZtURARZelel2oXUEO8rH83VS/hxH5vv1uHquPg5wZs8yMAfdv971IU+kcPUczi7NVBQ==",
      "dev": true,
      "license": "MIT",
      "engines": {
        "node": ">=0.10.0"
      }
    },
    "node_modules/postgres-date": {
      "version": "1.0.7",
      "resolved": "https://registry.npmjs.org/postgres-date/-/postgres-date-1.0.7.tgz",
      "integrity": "sha512-suDmjLVQg78nMK2UZ454hAG+OAW+HQPZ6n++TNDUX+L0+uUlLywnoxJKDou51Zm+zTCjrCl0Nq6J9C5hP9vK/Q==",
      "dev": true,
      "license": "MIT",
      "engines": {
        "node": ">=0.10.0"
      }
    },
    "node_modules/postgres-interval": {
      "version": "1.2.0",
      "resolved": "https://registry.npmjs.org/postgres-interval/-/postgres-interval-1.2.0.tgz",
      "integrity": "sha512-9ZhXKM/rw350N1ovuWHbGxnGh/SNJ4cnxHiM0rxE4VN41wsg8P8zWn9hv/buK00RP4WvlOyr/RBDiptyxVbkZQ==",
      "dev": true,
      "license": "MIT",
      "dependencies": {
        "xtend": "^4.0.0"
      },
      "engines": {
        "node": ">=0.10.0"
      }
    },
    "node_modules/reading-time": {
      "resolved": "../../node_modules/.pnpm/reading-time@1.5.0/node_modules/reading-time",
      "link": true
    },
    "node_modules/stripe": {
      "resolved": "../../node_modules/.pnpm/stripe@21.0.1_@types+node@24.12.0/node_modules/stripe",
      "link": true
    },
    "node_modules/tailwind-merge": {
      "resolved": "../../node_modules/.pnpm/tailwind-merge@3.5.0/node_modules/tailwind-merge",
      "link": true
    },
    "node_modules/tailwindcss": {
      "resolved": "../../node_modules/.pnpm/tailwindcss@4.2.2/node_modules/tailwindcss",
      "link": true
    },
    "node_modules/typescript": {
      "resolved": "../../node_modules/.pnpm/typescript@5.9.3/node_modules/typescript",
      "link": true
    },
    "node_modules/typescript-eslint": {
      "resolved": "../../node_modules/.pnpm/typescript-eslint@8.57.2_eslint@9.39.4_jiti@2.6.1__typescript@5.9.3/node_modules/typescript-eslint",
      "link": true
    },
    "node_modules/undici-types": {
      "version": "7.19.2",
      "resolved": "https://registry.npmjs.org/undici-types/-/undici-types-7.19.2.tgz",
      "integrity": "sha512-qYVnV5OEm2AW8cJMCpdV20CDyaN3g0AjDlOGf1OW4iaDEx8MwdtChUp4zu4H0VP3nDRF/8RKWH+IPp9uW0YGZg==",
      "dev": true,
      "license": "MIT"
    },
    "node_modules/xtend": {
      "version": "4.0.2",
      "resolved": "https://registry.npmjs.org/xtend/-/xtend-4.0.2.tgz",
      "integrity": "sha512-LKYU1iAXJXUgAXn9URjiu+MWhyUXHsvfp7mcuYm9dSUKK0/CjtrUwFAxD82/mCWbtLsGjFIad0wIsod4zrTAEQ==",
      "dev": true,
      "license": "MIT",
      "engines": {
        "node": ">=0.4"
      }
    }
  }
}
